
Microsoft Visual Studio Solution File, Format Version 12.00
# Visual Studio Version 17
VisualStudioVersion = 17.4.33213.308
MinimumVisualStudioVersion = 10.0.40219.1
Project("{FAE04EC0-301F-11D3-BF4B-00C04F79EFBC}") = "Bücherei_Windows_App", "Bücherei_Windows_App\Bücherei_Windows_App.csproj", "{8903BD32-6ACB-48E4-B233-F5E8E800BB02}"
EndProject
Global
	GlobalSection(SolutionConfigurationPlatforms) = preSolution
		Debug|Any CPU = Debug|Any CPU
		Release|Any CPU = Release|Any CPU
	EndGlobalSection
	GlobalSection(ProjectConfigurationPlatforms) = postSolution
		{8903BD32-6ACB-48E4-B233-F5E8E800BB02}.Debug|Any CPU.ActiveCfg = Debug|Any CPU
		{8903BD32-6ACB-48E4-B233-F5E8E800BB02}.Debug|Any CPU.Build.0 = Debug|Any CPU
		{8903BD32-6ACB-48E4-B233-F5E8E800BB02}.Release|Any CPU.ActiveCfg = Release|Any CPU
		{8903BD32-6ACB-48E4-B233-F5E8E800BB02}.Release|Any CPU.Build.0 = Release|Any CPU
	EndGlobalSection
	GlobalSection(SolutionProperties) = preSolution
		HideSolutionNode = FALSE
	EndGlobalSection
	GlobalSection(ExtensibilityGlobals) = postSolution
		SolutionGuid = {383B2977-72F2-44EC-AF39-DE3774213244}
	EndGlobalSection
EndGlobal
